// !$*UTF8*$!
{
	archiveVersion = 1;
	classes = {
	};
	objectVersion = 70;
	objects = {

/* Begin PBXContainerItemProxy section */
		585F3E0C2CDE819A0021597E /* PBXContainerItemProxy */ = {
			isa = PBXContainerItemProxy;
			containerPortal = 587A04F12C7CE9C900D32C10 /* Project object */;
			proxyType = 1;
			remoteGlobalIDString = 587A04F82C7CE9C900D32C10;
			remoteInfo = JDSimWatch;
		};
		587E69542CD959180080585C /* PBXContainerItemProxy */ = {
			isa = PBXContainerItemProxy;
			containerPortal = 587A04F12C7CE9C900D32C10 /* Project object */;
			proxyType = 1;
			remoteGlobalIDString = 587A04F82C7CE9C900D32C10;
			remoteInfo = JDSimWatch;
		};
/* End PBXContainerItemProxy section */

/* Begin PBXFileReference section */
		585F3E062CDE819A0021597E /* JDSimWatchUITests.xctest */ = {isa = PBXFileReference; explicitFileType = wrapper.cfbundle; includeInIndex = 0; path = JDSimWatchUITests.xctest; sourceTree = BUILT_PRODUCTS_DIR; };
		587A04F92C7CE9C900D32C10 /* JDSimWatch.app */ = {isa = PBXFileReference; explicitFileType = wrapper.application; includeInIndex = 0; path = JDSimWatch.app; sourceTree = BUILT_PRODUCTS_DIR; };
		587E69502CD959180080585C /* JDSimWatchTests.xctest */ = {isa = PBXFileReference; explicitFileType = wrapper.cfbundle; includeInIndex = 0; path = JDSimWatchTests.xctest; sourceTree = BUILT_PRODUCTS_DIR; };
/* End PBXFileReference section */

/* Begin PBXFileSystemSynchronizedRootGroup section */
		585F3E072CDE819A0021597E /* JDSimWatchUITests */ = {isa = PBXFileSystemSynchronizedRootGroup; explicitFileTypes = {}; explicitFolders = (); path = JDSimWatchUITests; sourceTree = "<group>"; };
		587E69512CD959180080585C /* JDSimWatchTests */ = {isa = PBXFileSystemSynchronizedRootGroup; explicitFileTypes = {}; explicitFolders = (); path = JDSimWatchTests; sourceTree = "<group>"; };
		587E69782CD9592D0080585C /* JDSimWatch */ = {isa = PBXFileSystemSynchronizedRootGroup; explicitFileTypes = {}; explicitFolders = (); path = JDSimWatch; sourceTree = "<group>"; };
/* End PBXFileSystemSynchronizedRootGroup section */

/* Begin PBXFrameworksBuildPhase section */
		585F3E032CDE819A0021597E /* Frameworks */ = {
			isa = PBXFrameworksBuildPhase;
			buildActionMask = 2147483647;
			files = (
			);
			runOnlyForDeploymentPostprocessing = 0;
		};
		587A04F62C7CE9C900D32C10 /* Frameworks */ = {
			isa = PBXFrameworksBuildPhase;
			buildActionMask = 2147483647;
			files = (
			);
			runOnlyForDeploymentPostprocessing = 0;
		};
		587E694D2CD959180080585C /* Frameworks */ = {
			isa = PBXFrameworksBuildPhase;
			buildActionMask = 2147483647;
			files = (
			);
			runOnlyForDeploymentPostprocessing = 0;
		};
/* End PBXFrameworksBuildPhase section */

/* Begin PBXGroup section */
		587A04F02C7CE9C900D32C10 = {
			isa = PBXGroup;
			children = (
				587E69782CD9592D0080585C /* JDSimWatch */,
				587E69512CD959180080585C /* JDSimWatchTests */,
				585F3E072CDE819A0021597E /* JDSimWatchUITests */,
				587A04FA2C7CE9C900D32C10 /* Products */,
			);
			sourceTree = "<group>";
		};
		587A04FA2C7CE9C900D32C10 /* Products */ = {
			isa = PBXGroup;
			children = (
				587A04F92C7CE9C900D32C10 /* JDSimWatch.app */,
				587E69502CD959180080585C /* JDSimWatchTests.xctest */,
				585F3E062CDE819A0021597E /* JDSimWatchUITests.xctest */,
			);
			name = Products;
			sourceTree = "<group>";
		};
/* End PBXGroup section */

/* Begin PBXNativeTarget section */
		585F3E052CDE819A0021597E /* JDSimWatchUITests */ = {
			isa = PBXNativeTarget;
			buildConfigurationList = 585F3E0E2CDE819A0021597E /* Build configuration list for PBXNativeTarget "JDSimWatchUITests" */;
			buildPhases = (
				585F3E022CDE819A0021597E /* Sources */,
				585F3E032CDE819A0021597E /* Frameworks */,
				585F3E042CDE819A0021597E /* Resources */,
			);
			buildRules = (
			);
			dependencies = (
				585F3E0D2CDE819A0021597E /* PBXTargetDependency */,
			);
			fileSystemSynchronizedGroups = (
				585F3E072CDE819A0021597E /* JDSimWatchUITests */,
			);
			name = JDSimWatchUITests;
			packageProductDependencies = (
			);
			productName = JDSimWatchUITests;
			productReference = 585F3E062CDE819A0021597E /* JDSimWatchUITests.xctest */;
			productType = "com.apple.product-type.bundle.ui-testing";
		};
		587A04F82C7CE9C900D32C10 /* JDSimWatch */ = {
			isa = PBXNativeTarget;
			buildConfigurationList = 587A05082C7CE9CA00D32C10 /* Build configuration list for PBXNativeTarget "JDSimWatch" */;
			buildPhases = (
				587A04F52C7CE9C900D32C10 /* Sources */,
				587A04F62C7CE9C900D32C10 /* Frameworks */,
				587A04F72C7CE9C900D32C10 /* Resources */,
			);
			buildRules = (
			);
			dependencies = (
			);
			fileSystemSynchronizedGroups = (
				587E69782CD9592D0080585C /* JDSimWatch */,
			);
			name = JDSimWatch;
			productName = JDSimWatch;
			productReference = 587A04F92C7CE9C900D32C10 /* JDSimWatch.app */;
			productType = "com.apple.product-type.application";
		};
		587E694F2CD959180080585C /* JDSimWatchTests */ = {
			isa = PBXNativeTarget;
			buildConfigurationList = 587E69582CD959180080585C /* Build configuration list for PBXNativeTarget "JDSimWatchTests" */;
			buildPhases = (
				587E694C2CD959180080585C /* Sources */,
				587E694D2CD959180080585C /* Frameworks */,
				587E694E2CD959180080585C /* Resources */,
			);
			buildRules = (
			);
			dependencies = (
				587E69552CD959180080585C /* PBXTargetDependency */,
			);
			fileSystemSynchronizedGroups = (
				587E69512CD959180080585C /* JDSimWatchTests */,
			);
			name = JDSimWatchTests;
			packageProductDependencies = (
			);
			productName = JDSimWatchTests;
			productReference = 587E69502CD959180080585C /* JDSimWatchTests.xctest */;
			productType = "com.apple.product-type.bundle.unit-test";
		};
/* End PBXNativeTarget section */

/* Begin PBXProject section */
		587A04F12C7CE9C900D32C10 /* Project object */ = {
			isa = PBXProject;
			attributes = {
				BuildIndependentTargetsInParallel = 1;
				LastSwiftUpdateCheck = 1600;
				LastUpgradeCheck = 1540;
				TargetAttributes = {
					585F3E052CDE819A0021597E = {
						CreatedOnToolsVersion = 16.0;
						TestTargetID = 587A04F82C7CE9C900D32C10;
					};
					587A04F82C7CE9C900D32C10 = {
						CreatedOnToolsVersion = 15.4;
					};
					587E694F2CD959180080585C = {
						CreatedOnToolsVersion = 16.0;
						TestTargetID = 587A04F82C7CE9C900D32C10;
					};
				};
			};
			buildConfigurationList = 587A04F42C7CE9C900D32C10 /* Build configuration list for PBXProject "JDSimWatch" */;
			compatibilityVersion = "Xcode 14.0";
			developmentRegion = en;
			hasScannedForEncodings = 0;
			knownRegions = (
				en,
				Base,
			);
			mainGroup = 587A04F02C7CE9C900D32C10;
			productRefGroup = 587A04FA2C7CE9C900D32C10 /* Products */;
			projectDirPath = "";
			projectRoot = "";
			targets = (
				587A04F82C7CE9C900D32C10 /* JDSimWatch */,
				587E694F2CD959180080585C /* JDSimWatchTests */,
				585F3E052CDE819A0021597E /* JDSimWatchUITests */,
			);
		};
/* End PBXProject section */

/* Begin PBXResourcesBuildPhase section */
		585F3E042CDE819A0021597E /* Resources */ = {
			isa = PBXResourcesBuildPhase;
			buildActionMask = 2147483647;
			files = (
			);
			runOnlyForDeploymentPostprocessing = 0;
		};
		587A04F72C7CE9C900D32C10 /* Resources */ = {
			isa = PBXResourcesBuildPhase;
			buildActionMask = 2147483647;
			files = (
			);
			runOnlyForDeploymentPostprocessing = 0;
		};
		587E694E2CD959180080585C /* Resources */ = {
			isa = PBXResourcesBuildPhase;
			buildActionMask = 2147483647;
			files = (
			);
			runOnlyForDeploymentPostprocessing = 0;
		};
/* End PBXResourcesBuildPhase section */

/* Begin PBXSourcesBuildPhase section */
		585F3E022CDE819A0021597E /* Sources */ = {
			isa = PBXSourcesBuildPhase;
			buildActionMask = 2147483647;
			files = (
			);
			runOnlyForDeploymentPostprocessing = 0;
		};
		587A04F52C7CE9C900D32C10 /* Sources */ = {
			isa = PBXSourcesBuildPhase;
			buildActionMask = 2147483647;
			files = (
			);
			runOnlyForDeploymentPostprocessing = 0;
		};
		587E694C2CD959180080585C /* Sources */ = {
			isa = PBXSourcesBuildPhase;
			buildActionMask = 2147483647;
			files = (
			);
			runOnlyForDeploymentPostprocessing = 0;
		};
/* End PBXSourcesBuildPhase section */

/* Begin PBXTargetDependency section */
		585F3E0D2CDE819A0021597E /* PBXTargetDependency */ = {
			isa = PBXTargetDependency;
			target = 587A04F82C7CE9C900D32C10 /* JDSimWatch */;
			targetProxy = 585F3E0C2CDE819A0021597E /* PBXContainerItemProxy */;
		};
		587E69552CD959180080585C /* PBXTargetDependency */ = {
			isa = PBXTargetDependency;
			target = 587A04F82C7CE9C900D32C10 /* JDSimWatch */;
			targetProxy = 587E69542CD959180080585C /* PBXContainerItemProxy */;
		};
/* End PBXTargetDependency section */

/* Begin XCBuildConfiguration section */
		585F3E0F2CDE819A0021597E /* Debug */ = {
			isa = XCBuildConfiguration;
			buildSettings = {
				CODE_SIGN_STYLE = Automatic;
				CURRENT_PROJECT_VERSION = 1;
				DEVELOPMENT_TEAM = 2N277QXTNA;
				GENERATE_INFOPLIST_FILE = YES;
				MACOSX_DEPLOYMENT_TARGET = 15.0;
				MARKETING_VERSION = 1.0;
				PRODUCT_BUNDLE_IDENTIFIER = com.demirci.JDSimWatchUITests;
				PRODUCT_NAME = "$(TARGET_NAME)";
				SWIFT_EMIT_LOC_STRINGS = NO;
				SWIFT_VERSION = 5.0;
				TEST_TARGET_NAME = JDSimWatch;
			};
			name = Debug;
		};
		585F3E102CDE819A0021597E /* Release */ = {
			isa = XCBuildConfiguration;
			buildSettings = {
				CODE_SIGN_STYLE = Automatic;
				CURRENT_PROJECT_VERSION = 1;
				DEVELOPMENT_TEAM = 2N277QXTNA;
				GENERATE_INFOPLIST_FILE = YES;
				MACOSX_DEPLOYMENT_TARGET = 15.0;
				MARKETING_VERSION = 1.0;
				PRODUCT_BUNDLE_IDENTIFIER = com.demirci.JDSimWatchUITests;
				PRODUCT_NAME = "$(TARGET_NAME)";
				SWIFT_EMIT_LOC_STRINGS = NO;
				SWIFT_VERSION = 5.0;
				TEST_TARGET_NAME = JDSimWatch;
			};
			name = Release;
		};
		587A05062C7CE9CA00D32C10 /* Debug */ = {
			isa = XCBuildConfiguration;
			buildSettings = {
				ALWAYS_SEARCH_USER_PATHS = NO;
				ASSETCATALOG_COMPILER_GENERATE_SWIFT_ASSET_SYMBOL_EXTENSIONS = YES;
				CLANG_ANALYZER_NONNULL = YES;
				CLANG_ANALYZER_NUMBER_OBJECT_CONVERSION = YES_AGGRESSIVE;
				CLANG_CXX_LANGUAGE_STANDARD = "gnu++20";
				CLANG_ENABLE_MODULES = YES;
				CLANG_ENABLE_OBJC_ARC = YES;
				CLANG_ENABLE_OBJC_WEAK = YES;
				CLANG_WARN_BLOCK_CAPTURE_AUTORELEASING = YES;
				CLANG_WARN_BOOL_CONVERSION = YES;
				CLANG_WARN_COMMA = YES;
				CLANG_WARN_CONSTANT_CONVERSION = YES;
				CLANG_WARN_DEPRECATED_OBJC_IMPLEMENTATIONS = YES;
				CLANG_WARN_DIRECT_OBJC_ISA_USAGE = YES_ERROR;
				CLANG_WARN_DOCUMENTATION_COMMENTS = YES;
				CLANG_WARN_EMPTY_BODY = YES;
				CLANG_WARN_ENUM_CONVERSION = YES;
				CLANG_WARN_INFINITE_RECURSION = YES;
				CLANG_WARN_INT_CONVERSION = YES;
				CLANG_WARN_NON_LITERAL_NULL_CONVERSION = YES;
				CLANG_WARN_OBJC_IMPLICIT_RETAIN_SELF = YES;
				CLANG_WARN_OBJC_LITERAL_CONVERSION = YES;
				CLANG_WARN_OBJC_ROOT_CLASS = YES_ERROR;
				CLANG_WARN_QUOTED_INCLUDE_IN_FRAMEWORK_HEADER = YES;
				CLANG_WARN_RANGE_LOOP_ANALYSIS = YES;
				CLANG_WARN_STRICT_PROTOTYPES = YES;
				CLANG_WARN_SUSPICIOUS_MOVE = YES;
				CLANG_WARN_UNGUARDED_AVAILABILITY = YES_AGGRESSIVE;
				CLANG_WARN_UNREACHABLE_CODE = YES;
				CLANG_WARN__DUPLICATE_METHOD_MATCH = YES;
				COPY_PHASE_STRIP = NO;
				DEBUG_INFORMATION_FORMAT = dwarf;
				ENABLE_STRICT_OBJC_MSGSEND = YES;
				ENABLE_TESTABILITY = YES;
				ENABLE_USER_SCRIPT_SANDBOXING = YES;
				GCC_C_LANGUAGE_STANDARD = gnu17;
				GCC_DYNAMIC_NO_PIC = NO;
				GCC_NO_COMMON_BLOCKS = YES;
				GCC_OPTIMIZATION_LEVEL = 0;
				GCC_PREPROCESSOR_DEFINITIONS = (
					"DEBUG=1",
					"$(inherited)",
				);
				GCC_WARN_64_TO_32_BIT_CONVERSION = YES;
				GCC_WARN_ABOUT_RETURN_TYPE = YES_ERROR;
				GCC_WARN_UNDECLARED_SELECTOR = YES;
				GCC_WARN_UNINITIALIZED_AUTOS = YES_AGGRESSIVE;
				GCC_WARN_UNUSED_FUNCTION = YES;
				GCC_WARN_UNUSED_VARIABLE = YES;
				LOCALIZATION_PREFERS_STRING_CATALOGS = YES;
				MACOSX_DEPLOYMENT_TARGET = 14.3;
				MTL_ENABLE_DEBUG_INFO = INCLUDE_SOURCE;
				MTL_FAST_MATH = YES;
				ONLY_ACTIVE_ARCH = YES;
				SDKROOT = macosx;
				SWIFT_ACTIVE_COMPILATION_CONDITIONS = "DEBUG $(inherited)";
				SWIFT_OPTIMIZATION_LEVEL = "-Onone";
			};
			name = Debug;
		};
		587A05072C7CE9CA00D32C10 /* Release */ = {
			isa = XCBuildConfiguration;
			buildSettings = {
				ALWAYS_SEARCH_USER_PATHS = NO;
				ASSETCATALOG_COMPILER_GENERATE_SWIFT_ASSET_SYMBOL_EXTENSIONS = YES;
				CLANG_ANALYZER_NONNULL = YES;
				CLANG_ANALYZER_NUMBER_OBJECT_CONVERSION = YES_AGGRESSIVE;
				CLANG_CXX_LANGUAGE_STANDARD = "gnu++20";
				CLANG_ENABLE_MODULES = YES;
				CLANG_ENABLE_OBJC_ARC = YES;
				CLANG_ENABLE_OBJC_WEAK = YES;
				CLANG_WARN_BLOCK_CAPTURE_AUTORELEASING = YES;
				CLANG_WARN_BOOL_CONVERSION = YES;
				CLANG_WARN_COMMA = YES;
				CLANG_WARN_CONSTANT_CONVERSION = YES;
				CLANG_WARN_DEPRECATED_OBJC_IMPLEMENTATIONS = YES;
				CLANG_WARN_DIRECT_OBJC_ISA_USAGE = YES_ERROR;
				CLANG_WARN_DOCUMENTATION_COMMENTS = YES;
				CLANG_WARN_EMPTY_BODY = YES;
				CLANG_WARN_ENUM_CONVERSION = YES;
				CLANG_WARN_INFINITE_RECURSION = YES;
				CLANG_WARN_INT_CONVERSION = YES;
				CLANG_WARN_NON_LITERAL_NULL_CONVERSION = YES;
				CLANG_WARN_OBJC_IMPLICIT_RETAIN_SELF = YES;
				CLANG_WARN_OBJC_LITERAL_CONVERSION = YES;
				CLANG_WARN_OBJC_ROOT_CLASS = YES_ERROR;
				CLANG_WARN_QUOTED_INCLUDE_IN_FRAMEWORK_HEADER = YES;
				CLANG_WARN_RANGE_LOOP_ANALYSIS = YES;
				CLANG_WARN_STRICT_PROTOTYPES = YES;
				CLANG_WARN_SUSPICIOUS_MOVE = YES;
				CLANG_WARN_UNGUARDED_AVAILABILITY = YES_AGGRESSIVE;
				CLANG_WARN_UNREACHABLE_CODE = YES;
				CLANG_WARN__DUPLICATE_METHOD_MATCH = YES;
				COPY_PHASE_STRIP = NO;
				DEBUG_INFORMATION_FORMAT = "dwarf-with-dsym";
				ENABLE_NS_ASSERTIONS = NO;
				ENABLE_STRICT_OBJC_MSGSEND = YES;
				ENABLE_USER_SCRIPT_SANDBOXING = YES;
				GCC_C_LANGUAGE_STANDARD = gnu17;
				GCC_NO_COMMON_BLOCKS = YES;
				GCC_WARN_64_TO_32_BIT_CONVERSION = YES;
				GCC_WARN_ABOUT_RETURN_TYPE = YES_ERROR;
				GCC_WARN_UNDECLARED_SELECTOR = YES;
				GCC_WARN_UNINITIALIZED_AUTOS = YES_AGGRESSIVE;
				GCC_WARN_UNUSED_FUNCTION = YES;
				GCC_WARN_UNUSED_VARIABLE = YES;
				LOCALIZATION_PREFERS_STRING_CATALOGS = YES;
				MACOSX_DEPLOYMENT_TARGET = 14.3;
				MTL_ENABLE_DEBUG_INFO = NO;
				MTL_FAST_MATH = YES;
				SDKROOT = macosx;
				SWIFT_COMPILATION_MODE = wholemodule;
			};
			name = Release;
		};
		587A05092C7CE9CA00D32C10 /* Debug */ = {
			isa = XCBuildConfiguration;
			buildSettings = {
				ASSETCATALOG_COMPILER_APPICON_NAME = AppIcon;
				ASSETCATALOG_COMPILER_GLOBAL_ACCENT_COLOR_NAME = AccentColor;
				CODE_SIGN_ENTITLEMENTS = JDSimWatch/JDSimWatch.entitlements;
				CODE_SIGN_STYLE = Automatic;
				COMBINE_HIDPI_IMAGES = YES;
				CURRENT_PROJECT_VERSION = 1;
				DEVELOPMENT_ASSET_PATHS = "\"JDSimWatch/Preview Content\"";
				DEVELOPMENT_TEAM = 2N277QXTNA;
				ENABLE_HARDENED_RUNTIME = YES;
				ENABLE_PREVIEWS = YES;
				GENERATE_INFOPLIST_FILE = YES;
				INFOPLIST_KEY_NSHumanReadableCopyright = "";
				LD_RUNPATH_SEARCH_PATHS = (
					"$(inherited)",
					"@executable_path/../Frameworks",
				);
				MARKETING_VERSION = 1.0;
				PRODUCT_BUNDLE_IDENTIFIER = Demirci.JDSimWatch;
				PRODUCT_NAME = "$(TARGET_NAME)";
				SWIFT_EMIT_LOC_STRINGS = YES;
				SWIFT_VERSION = 5.0;
			};
			name = Debug;
		};
		587A050A2C7CE9CA00D32C10 /* Release */ = {
			isa = XCBuildConfiguration;
			buildSettings = {
				ASSETCATALOG_COMPILER_APPICON_NAME = AppIcon;
				ASSETCATALOG_COMPILER_GLOBAL_ACCENT_COLOR_NAME = AccentColor;
				CODE_SIGN_ENTITLEMENTS = JDSimWatch/JDSimWatch.entitlements;
				CODE_SIGN_STYLE = Automatic;
				COMBINE_HIDPI_IMAGES = YES;
				CURRENT_PROJECT_VERSION = 1;
				DEVELOPMENT_ASSET_PATHS = "\"JDSimWatch/Preview Content\"";
				DEVELOPMENT_TEAM = 2N277QXTNA;
				ENABLE_HARDENED_RUNTIME = YES;
				ENABLE_PREVIEWS = YES;
				GENERATE_INFOPLIST_FILE = YES;
				INFOPLIST_KEY_NSHumanReadableCopyright = "";
				LD_RUNPATH_SEARCH_PATHS = (
					"$(inherited)",
					"@executable_path/../Frameworks",
				);
				MARKETING_VERSION = 1.0;
				PRODUCT_BUNDLE_IDENTIFIER = Demirci.JDSimWatch;
				PRODUCT_NAME = "$(TARGET_NAME)";
				SWIFT_EMIT_LOC_STRINGS = YES;
				SWIFT_VERSION = 5.0;
			};
			name = Release;
		};
		587E69562CD959180080585C /* Debug */ = {
			isa = XCBuildConfiguration;
			buildSettings = {
				BUNDLE_LOADER = "$(TEST_HOST)";
				CODE_SIGN_STYLE = Automatic;
				CURRENT_PROJECT_VERSION = 1;
				DEVELOPMENT_TEAM = 2N277QXTNA;
				GENERATE_INFOPLIST_FILE = YES;
				MACOSX_DEPLOYMENT_TARGET = 15.0;
				MARKETING_VERSION = 1.0;
				PRODUCT_BUNDLE_IDENTIFIER = com.demirci.JDSimWatchTests;
				PRODUCT_NAME = "$(TARGET_NAME)";
				SWIFT_EMIT_LOC_STRINGS = NO;
				SWIFT_VERSION = 5.0;
				TEST_HOST = "$(BUILT_PRODUCTS_DIR)/JDSimWatch.app/$(BUNDLE_EXECUTABLE_FOLDER_PATH)/JDSimWatch";
			};
			name = Debug;
		};
		587E69572CD959180080585C /* Release */ = {
			isa = XCBuildConfiguration;
			buildSettings = {
				BUNDLE_LOADER = "$(TEST_HOST)";
				CODE_SIGN_STYLE = Automatic;
				CURRENT_PROJECT_VERSION = 1;
				DEVELOPMENT_TEAM = 2N277QXTNA;
				GENERATE_INFOPLIST_FILE = YES;
				MACOSX_DEPLOYMENT_TARGET = 15.0;
				MARKETING_VERSION = 1.0;
				PRODUCT_BUNDLE_IDENTIFIER = com.demirci.JDSimWatchTests;
				PRODUCT_NAME = "$(TARGET_NAME)";
				SWIFT_EMIT_LOC_STRINGS = NO;
				SWIFT_VERSION = 5.0;
				TEST_HOST = "$(BUILT_PRODUCTS_DIR)/JDSimWatch.app/$(BUNDLE_EXECUTABLE_FOLDER_PATH)/JDSimWatch";
			};
			name = Release;
		};
/* End XCBuildConfiguration section */

/* Begin XCConfigurationList section */
		585F3E0E2CDE819A0021597E /* Build configuration list for PBXNativeTarget "JDSimWatchUITests" */ = {
			isa = XCConfigurationList;
			buildConfigurations = (
				585F3E0F2CDE819A0021597E /* Debug */,
				585F3E102CDE819A0021597E /* Release */,
			);
			defaultConfigurationIsVisible = 0;
			defaultConfigurationName = Release;
		};
		587A04F42C7CE9C900D32C10 /* Build configuration list for PBXProject "JDSimWatch" */ = {
			isa = XCConfigurationList;
			buildConfigurations = (
				587A05062C7CE9CA00D32C10 /* Debug */,
				587A05072C7CE9CA00D32C10 /* Release */,
			);
			defaultConfigurationIsVisible = 0;
			defaultConfigurationName = Release;
		};
		587A05082C7CE9CA00D32C10 /* Build configuration list for PBXNativeTarget "JDSimWatch" */ = {
			isa = XCConfigurationList;
			buildConfigurations = (
				587A05092C7CE9CA00D32C10 /* Debug */,
				587A050A2C7CE9CA00D32C10 /* Release */,
			);
			defaultConfigurationIsVisible = 0;
			defaultConfigurationName = Release;
		};
		587E69582CD959180080585C /* Build configuration list for PBXNativeTarget "JDSimWatchTests" */ = {
			isa = XCConfigurationList;
			buildConfigurations = (
				587E69562CD959180080585C /* Debug */,
				587E69572CD959180080585C /* Release */,
			);
			defaultConfigurationIsVisible = 0;
			defaultConfigurationName = Release;
		};
/* End XCConfigurationList section */
	};
	rootObject = 587A04F12C7CE9C900D32C10 /* Project object */;
}
