// !$*UTF8*$!
{
	archiveVersion = 1;
	classes = {
	};
	objectVersion = 56;
	objects = {

/* Begin PBXBuildFile section */
		583CB66F2CD59533009FC2E5 /* Success.swift in Sources */ = {isa = PBXBuildFile; fileRef = 583CB66E2CD5952C009FC2E5 /* Success.swift */; };
		583EAB3A2CD48114007F4AB6 /* Failure.swift in Sources */ = {isa = PBXBuildFile; fileRef = 583EAB392CD48111007F4AB6 /* Failure.swift */; };
		585B515B2C7FE28A00F8FBE5 /* RunningProcessesView.swift in Sources */ = {isa = PBXBuildFile; fileRef = 585B515A2C7FE28A00F8FBE5 /* RunningProcessesView.swift */; };
		58697EA82C8EA3FB0067BCA8 /* VerticalLabeledContentView.swift in Sources */ = {isa = PBXBuildFile; fileRef = 58697EA72C8EA3FB0067BCA8 /* VerticalLabeledContentView.swift */; };
		587A05012C7CE9CA00D32C10 /* Assets.xcassets in Resources */ = {isa = PBXBuildFile; fileRef = 587A05002C7CE9CA00D32C10 /* Assets.xcassets */; };
		587A05042C7CE9CA00D32C10 /* Preview Assets.xcassets in Resources */ = {isa = PBXBuildFile; fileRef = 587A05032C7CE9CA00D32C10 /* Preview Assets.xcassets */; };
		587A05182C7CEA2200D32C10 /* Simulator.swift in Sources */ = {isa = PBXBuildFile; fileRef = 587A050B2C7CEA2200D32C10 /* Simulator.swift */; };
		587A05192C7CEA2200D32C10 /* Shell.swift in Sources */ = {isa = PBXBuildFile; fileRef = 587A050D2C7CEA2200D32C10 /* Shell.swift */; };
		587A051A2C7CEA2200D32C10 /* SimuWatchApp.swift in Sources */ = {isa = PBXBuildFile; fileRef = 587A050F2C7CEA2200D32C10 /* SimuWatchApp.swift */; };
		587A051B2C7CEA2200D32C10 /* InactiveSimulatorParser.swift in Sources */ = {isa = PBXBuildFile; fileRef = 587A05102C7CEA2200D32C10 /* InactiveSimulatorParser.swift */; };
		587A051C2C7CEA2200D32C10 /* InactiveSimulatorsSectionView.swift in Sources */ = {isa = PBXBuildFile; fileRef = 587A05112C7CEA2200D32C10 /* InactiveSimulatorsSectionView.swift */; };
		587A051D2C7CEA2200D32C10 /* InactiveSimulatorView.swift in Sources */ = {isa = PBXBuildFile; fileRef = 587A05122C7CEA2200D32C10 /* InactiveSimulatorView.swift */; };
		587A051E2C7CEA2200D32C10 /* ContentView.swift in Sources */ = {isa = PBXBuildFile; fileRef = 587A05142C7CEA2200D32C10 /* ContentView.swift */; };
		587A051F2C7CEA2200D32C10 /* SimulatorDetailView.swift in Sources */ = {isa = PBXBuildFile; fileRef = 587A05152C7CEA2200D32C10 /* SimulatorDetailView.swift */; };
		588E49E52CD14C090025F0AF /* OptionalView.swift in Sources */ = {isa = PBXBuildFile; fileRef = 588E49E42CD14C050025F0AF /* OptionalView.swift */; };
		588E49E72CD15B430025F0AF /* AppSandboxView.swift in Sources */ = {isa = PBXBuildFile; fileRef = 588E49E62CD15B380025F0AF /* AppSandboxView.swift */; };
		58C75CBA2C8FD87500990DBB /* InstalledApplicationViewModel.swift in Sources */ = {isa = PBXBuildFile; fileRef = 58C75CB92C8FD87500990DBB /* InstalledApplicationViewModel.swift */; };
		58F1F2D72C8FC4BF00ED95FB /* InstalledApplicationsview.swift in Sources */ = {isa = PBXBuildFile; fileRef = 58F1F2D62C8FC4BF00ED95FB /* InstalledApplicationsview.swift */; };
/* End PBXBuildFile section */

/* Begin PBXFileReference section */
		583CB66E2CD5952C009FC2E5 /* Success.swift */ = {isa = PBXFileReference; lastKnownFileType = sourcecode.swift; path = Success.swift; sourceTree = "<group>"; };
		583EAB392CD48111007F4AB6 /* Failure.swift */ = {isa = PBXFileReference; lastKnownFileType = sourcecode.swift; path = Failure.swift; sourceTree = "<group>"; };
		585B515A2C7FE28A00F8FBE5 /* RunningProcessesView.swift */ = {isa = PBXFileReference; lastKnownFileType = sourcecode.swift; path = RunningProcessesView.swift; sourceTree = "<group>"; };
		58697EA72C8EA3FB0067BCA8 /* VerticalLabeledContentView.swift */ = {isa = PBXFileReference; lastKnownFileType = sourcecode.swift; path = VerticalLabeledContentView.swift; sourceTree = "<group>"; };
		587A04F92C7CE9C900D32C10 /* JDSimWatch.app */ = {isa = PBXFileReference; explicitFileType = wrapper.application; includeInIndex = 0; path = JDSimWatch.app; sourceTree = BUILT_PRODUCTS_DIR; };
		587A05002C7CE9CA00D32C10 /* Assets.xcassets */ = {isa = PBXFileReference; lastKnownFileType = folder.assetcatalog; path = Assets.xcassets; sourceTree = "<group>"; };
		587A05032C7CE9CA00D32C10 /* Preview Assets.xcassets */ = {isa = PBXFileReference; lastKnownFileType = folder.assetcatalog; path = "Preview Assets.xcassets"; sourceTree = "<group>"; };
		587A05052C7CE9CA00D32C10 /* JDSimWatch.entitlements */ = {isa = PBXFileReference; lastKnownFileType = text.plist.entitlements; path = JDSimWatch.entitlements; sourceTree = "<group>"; };
		587A050B2C7CEA2200D32C10 /* Simulator.swift */ = {isa = PBXFileReference; fileEncoding = 4; lastKnownFileType = sourcecode.swift; path = Simulator.swift; sourceTree = "<group>"; };
		587A050D2C7CEA2200D32C10 /* Shell.swift */ = {isa = PBXFileReference; fileEncoding = 4; lastKnownFileType = sourcecode.swift; path = Shell.swift; sourceTree = "<group>"; };
		587A050F2C7CEA2200D32C10 /* SimuWatchApp.swift */ = {isa = PBXFileReference; fileEncoding = 4; lastKnownFileType = sourcecode.swift; path = SimuWatchApp.swift; sourceTree = "<group>"; };
		587A05102C7CEA2200D32C10 /* InactiveSimulatorParser.swift */ = {isa = PBXFileReference; fileEncoding = 4; lastKnownFileType = sourcecode.swift; path = InactiveSimulatorParser.swift; sourceTree = "<group>"; };
		587A05112C7CEA2200D32C10 /* InactiveSimulatorsSectionView.swift */ = {isa = PBXFileReference; fileEncoding = 4; lastKnownFileType = sourcecode.swift; path = InactiveSimulatorsSectionView.swift; sourceTree = "<group>"; };
		587A05122C7CEA2200D32C10 /* InactiveSimulatorView.swift */ = {isa = PBXFileReference; fileEncoding = 4; lastKnownFileType = sourcecode.swift; path = InactiveSimulatorView.swift; sourceTree = "<group>"; };
		587A05142C7CEA2200D32C10 /* ContentView.swift */ = {isa = PBXFileReference; fileEncoding = 4; lastKnownFileType = sourcecode.swift; path = ContentView.swift; sourceTree = "<group>"; };
		587A05152C7CEA2200D32C10 /* SimulatorDetailView.swift */ = {isa = PBXFileReference; fileEncoding = 4; lastKnownFileType = sourcecode.swift; path = SimulatorDetailView.swift; sourceTree = "<group>"; };
		588E49E42CD14C050025F0AF /* OptionalView.swift */ = {isa = PBXFileReference; lastKnownFileType = sourcecode.swift; path = OptionalView.swift; sourceTree = "<group>"; };
		588E49E62CD15B380025F0AF /* AppSandboxView.swift */ = {isa = PBXFileReference; lastKnownFileType = sourcecode.swift; path = AppSandboxView.swift; sourceTree = "<group>"; };
		58C75CB92C8FD87500990DBB /* InstalledApplicationViewModel.swift */ = {isa = PBXFileReference; lastKnownFileType = sourcecode.swift; path = InstalledApplicationViewModel.swift; sourceTree = "<group>"; };
		58F1F2D62C8FC4BF00ED95FB /* InstalledApplicationsview.swift */ = {isa = PBXFileReference; lastKnownFileType = sourcecode.swift; path = InstalledApplicationsview.swift; sourceTree = "<group>"; };
/* End PBXFileReference section */

/* Begin PBXFrameworksBuildPhase section */
		587A04F62C7CE9C900D32C10 /* Frameworks */ = {
			isa = PBXFrameworksBuildPhase;
			buildActionMask = 2147483647;
			files = (
			);
			runOnlyForDeploymentPostprocessing = 0;
		};
/* End PBXFrameworksBuildPhase section */

/* Begin PBXGroup section */
		585B51592C7FE27800F8FBE5 /* RunningProcessesView */ = {
			isa = PBXGroup;
			children = (
				585B515A2C7FE28A00F8FBE5 /* RunningProcessesView.swift */,
			);
			path = RunningProcessesView;
			sourceTree = "<group>";
		};
		58697EA52C8EA3B50067BCA8 /* SimulatorDetailsView */ = {
			isa = PBXGroup;
			children = (
				58697EA62C8EA3E70067BCA8 /* CommonViews */,
				587A05152C7CEA2200D32C10 /* SimulatorDetailView.swift */,
			);
			path = SimulatorDetailsView;
			sourceTree = "<group>";
		};
		58697EA62C8EA3E70067BCA8 /* CommonViews */ = {
			isa = PBXGroup;
			children = (
				58697EA72C8EA3FB0067BCA8 /* VerticalLabeledContentView.swift */,
			);
			path = CommonViews;
			sourceTree = "<group>";
		};
		587A04F02C7CE9C900D32C10 = {
			isa = PBXGroup;
			children = (
				587A04FB2C7CE9C900D32C10 /* JDSimWatch */,
				587A04FA2C7CE9C900D32C10 /* Products */,
			);
			sourceTree = "<group>";
		};
		587A04FA2C7CE9C900D32C10 /* Products */ = {
			isa = PBXGroup;
			children = (
				587A04F92C7CE9C900D32C10 /* JDSimWatch.app */,
			);
			name = Products;
			sourceTree = "<group>";
		};
		587A04FB2C7CE9C900D32C10 /* JDSimWatch */ = {
			isa = PBXGroup;
			children = (
				587A05002C7CE9CA00D32C10 /* Assets.xcassets */,
				587A05052C7CE9CA00D32C10 /* JDSimWatch.entitlements */,
				587A050C2C7CEA2200D32C10 /* Models */,
				587A05022C7CE9CA00D32C10 /* Preview Content */,
				587A050F2C7CEA2200D32C10 /* SimuWatchApp.swift */,
				587A05172C7CEA2200D32C10 /* UI */,
				587A050E2C7CEA2200D32C10 /* Utility */,
			);
			path = JDSimWatch;
			sourceTree = "<group>";
		};
		587A05022C7CE9CA00D32C10 /* Preview Content */ = {
			isa = PBXGroup;
			children = (
				587A05032C7CE9CA00D32C10 /* Preview Assets.xcassets */,
			);
			path = "Preview Content";
			sourceTree = "<group>";
		};
		587A050C2C7CEA2200D32C10 /* Models */ = {
			isa = PBXGroup;
			children = (
				587A050B2C7CEA2200D32C10 /* Simulator.swift */,
			);
			path = Models;
			sourceTree = "<group>";
		};
		587A050E2C7CEA2200D32C10 /* Utility */ = {
			isa = PBXGroup;
			children = (
				583CB66E2CD5952C009FC2E5 /* Success.swift */,
				583EAB392CD48111007F4AB6 /* Failure.swift */,
				587A050D2C7CEA2200D32C10 /* Shell.swift */,
			);
			path = Utility;
			sourceTree = "<group>";
		};
		587A05132C7CEA2200D32C10 /* AllSimulatorsView */ = {
			isa = PBXGroup;
			children = (
				587A05102C7CEA2200D32C10 /* InactiveSimulatorParser.swift */,
				587A05112C7CEA2200D32C10 /* InactiveSimulatorsSectionView.swift */,
				587A05122C7CEA2200D32C10 /* InactiveSimulatorView.swift */,
			);
			path = AllSimulatorsView;
			sourceTree = "<group>";
		};
		587A05172C7CEA2200D32C10 /* UI */ = {
			isa = PBXGroup;
			children = (
				588E49E32CD14BEF0025F0AF /* ReusableViews */,
				588E49DF2CD149580025F0AF /* InitialView */,
				58F1F2D52C8FC49800ED95FB /* InstalledApplicationsView */,
				58697EA52C8EA3B50067BCA8 /* SimulatorDetailsView */,
				585B51592C7FE27800F8FBE5 /* RunningProcessesView */,
				587A05132C7CEA2200D32C10 /* AllSimulatorsView */,
			);
			path = UI;
			sourceTree = "<group>";
		};
		588E49DF2CD149580025F0AF /* InitialView */ = {
			isa = PBXGroup;
			children = (
				587A05142C7CEA2200D32C10 /* ContentView.swift */,
			);
			path = InitialView;
			sourceTree = "<group>";
		};
		588E49E32CD14BEF0025F0AF /* ReusableViews */ = {
			isa = PBXGroup;
			children = (
				588E49E42CD14C050025F0AF /* OptionalView.swift */,
			);
			path = ReusableViews;
			sourceTree = "<group>";
		};
		58F1F2D52C8FC49800ED95FB /* InstalledApplicationsView */ = {
			isa = PBXGroup;
			children = (
				588E49E62CD15B380025F0AF /* AppSandboxView.swift */,
				58F1F2D62C8FC4BF00ED95FB /* InstalledApplicationsview.swift */,
				58C75CB92C8FD87500990DBB /* InstalledApplicationViewModel.swift */,
			);
			path = InstalledApplicationsView;
			sourceTree = "<group>";
		};
/* End PBXGroup section */

/* Begin PBXNativeTarget section */
		587A04F82C7CE9C900D32C10 /* JDSimWatch */ = {
			isa = PBXNativeTarget;
			buildConfigurationList = 587A05082C7CE9CA00D32C10 /* Build configuration list for PBXNativeTarget "JDSimWatch" */;
			buildPhases = (
				587A04F52C7CE9C900D32C10 /* Sources */,
				587A04F62C7CE9C900D32C10 /* Frameworks */,
				587A04F72C7CE9C900D32C10 /* Resources */,
			);
			buildRules = (
			);
			dependencies = (
			);
			name = JDSimWatch;
			productName = JDSimWatch;
			productReference = 587A04F92C7CE9C900D32C10 /* JDSimWatch.app */;
			productType = "com.apple.product-type.application";
		};
/* End PBXNativeTarget section */

/* Begin PBXProject section */
		587A04F12C7CE9C900D32C10 /* Project object */ = {
			isa = PBXProject;
			attributes = {
				BuildIndependentTargetsInParallel = 1;
				LastSwiftUpdateCheck = 1540;
				LastUpgradeCheck = 1540;
				TargetAttributes = {
					587A04F82C7CE9C900D32C10 = {
						CreatedOnToolsVersion = 15.4;
					};
				};
			};
			buildConfigurationList = 587A04F42C7CE9C900D32C10 /* Build configuration list for PBXProject "JDSimWatch" */;
			compatibilityVersion = "Xcode 14.0";
			developmentRegion = en;
			hasScannedForEncodings = 0;
			knownRegions = (
				en,
				Base,
			);
			mainGroup = 587A04F02C7CE9C900D32C10;
			productRefGroup = 587A04FA2C7CE9C900D32C10 /* Products */;
			projectDirPath = "";
			projectRoot = "";
			targets = (
				587A04F82C7CE9C900D32C10 /* JDSimWatch */,
			);
		};
/* End PBXProject section */

/* Begin PBXResourcesBuildPhase section */
		587A04F72C7CE9C900D32C10 /* Resources */ = {
			isa = PBXResourcesBuildPhase;
			buildActionMask = 2147483647;
			files = (
				587A05042C7CE9CA00D32C10 /* Preview Assets.xcassets in Resources */,
				587A05012C7CE9CA00D32C10 /* Assets.xcassets in Resources */,
			);
			runOnlyForDeploymentPostprocessing = 0;
		};
/* End PBXResourcesBuildPhase section */

/* Begin PBXSourcesBuildPhase section */
		587A04F52C7CE9C900D32C10 /* Sources */ = {
			isa = PBXSourcesBuildPhase;
			buildActionMask = 2147483647;
			files = (
				585B515B2C7FE28A00F8FBE5 /* RunningProcessesView.swift in Sources */,
				583CB66F2CD59533009FC2E5 /* Success.swift in Sources */,
				587A051F2C7CEA2200D32C10 /* SimulatorDetailView.swift in Sources */,
				587A05192C7CEA2200D32C10 /* Shell.swift in Sources */,
				587A05182C7CEA2200D32C10 /* Simulator.swift in Sources */,
				58697EA82C8EA3FB0067BCA8 /* VerticalLabeledContentView.swift in Sources */,
				587A051D2C7CEA2200D32C10 /* InactiveSimulatorView.swift in Sources */,
				588E49E72CD15B430025F0AF /* AppSandboxView.swift in Sources */,
				587A051E2C7CEA2200D32C10 /* ContentView.swift in Sources */,
				587A051B2C7CEA2200D32C10 /* InactiveSimulatorParser.swift in Sources */,
				587A051A2C7CEA2200D32C10 /* SimuWatchApp.swift in Sources */,
				583EAB3A2CD48114007F4AB6 /* Failure.swift in Sources */,
				587A051C2C7CEA2200D32C10 /* InactiveSimulatorsSectionView.swift in Sources */,
				58C75CBA2C8FD87500990DBB /* InstalledApplicationViewModel.swift in Sources */,
				58F1F2D72C8FC4BF00ED95FB /* InstalledApplicationsview.swift in Sources */,
				588E49E52CD14C090025F0AF /* OptionalView.swift in Sources */,
			);
			runOnlyForDeploymentPostprocessing = 0;
		};
/* End PBXSourcesBuildPhase section */

/* Begin XCBuildConfiguration section */
		587A05062C7CE9CA00D32C10 /* Debug */ = {
			isa = XCBuildConfiguration;
			buildSettings = {
				ALWAYS_SEARCH_USER_PATHS = NO;
				ASSETCATALOG_COMPILER_GENERATE_SWIFT_ASSET_SYMBOL_EXTENSIONS = YES;
				CLANG_ANALYZER_NONNULL = YES;
				CLANG_ANALYZER_NUMBER_OBJECT_CONVERSION = YES_AGGRESSIVE;
				CLANG_CXX_LANGUAGE_STANDARD = "gnu++20";
				CLANG_ENABLE_MODULES = YES;
				CLANG_ENABLE_OBJC_ARC = YES;
				CLANG_ENABLE_OBJC_WEAK = YES;
				CLANG_WARN_BLOCK_CAPTURE_AUTORELEASING = YES;
				CLANG_WARN_BOOL_CONVERSION = YES;
				CLANG_WARN_COMMA = YES;
				CLANG_WARN_CONSTANT_CONVERSION = YES;
				CLANG_WARN_DEPRECATED_OBJC_IMPLEMENTATIONS = YES;
				CLANG_WARN_DIRECT_OBJC_ISA_USAGE = YES_ERROR;
				CLANG_WARN_DOCUMENTATION_COMMENTS = YES;
				CLANG_WARN_EMPTY_BODY = YES;
				CLANG_WARN_ENUM_CONVERSION = YES;
				CLANG_WARN_INFINITE_RECURSION = YES;
				CLANG_WARN_INT_CONVERSION = YES;
				CLANG_WARN_NON_LITERAL_NULL_CONVERSION = YES;
				CLANG_WARN_OBJC_IMPLICIT_RETAIN_SELF = YES;
				CLANG_WARN_OBJC_LITERAL_CONVERSION = YES;
				CLANG_WARN_OBJC_ROOT_CLASS = YES_ERROR;
				CLANG_WARN_QUOTED_INCLUDE_IN_FRAMEWORK_HEADER = YES;
				CLANG_WARN_RANGE_LOOP_ANALYSIS = YES;
				CLANG_WARN_STRICT_PROTOTYPES = YES;
				CLANG_WARN_SUSPICIOUS_MOVE = YES;
				CLANG_WARN_UNGUARDED_AVAILABILITY = YES_AGGRESSIVE;
				CLANG_WARN_UNREACHABLE_CODE = YES;
				CLANG_WARN__DUPLICATE_METHOD_MATCH = YES;
				COPY_PHASE_STRIP = NO;
				DEBUG_INFORMATION_FORMAT = dwarf;
				ENABLE_STRICT_OBJC_MSGSEND = YES;
				ENABLE_TESTABILITY = YES;
				ENABLE_USER_SCRIPT_SANDBOXING = YES;
				GCC_C_LANGUAGE_STANDARD = gnu17;
				GCC_DYNAMIC_NO_PIC = NO;
				GCC_NO_COMMON_BLOCKS = YES;
				GCC_OPTIMIZATION_LEVEL = 0;
				GCC_PREPROCESSOR_DEFINITIONS = (
					"DEBUG=1",
					"$(inherited)",
				);
				GCC_WARN_64_TO_32_BIT_CONVERSION = YES;
				GCC_WARN_ABOUT_RETURN_TYPE = YES_ERROR;
				GCC_WARN_UNDECLARED_SELECTOR = YES;
				GCC_WARN_UNINITIALIZED_AUTOS = YES_AGGRESSIVE;
				GCC_WARN_UNUSED_FUNCTION = YES;
				GCC_WARN_UNUSED_VARIABLE = YES;
				LOCALIZATION_PREFERS_STRING_CATALOGS = YES;
				MACOSX_DEPLOYMENT_TARGET = 14.3;
				MTL_ENABLE_DEBUG_INFO = INCLUDE_SOURCE;
				MTL_FAST_MATH = YES;
				ONLY_ACTIVE_ARCH = YES;
				SDKROOT = macosx;
				SWIFT_ACTIVE_COMPILATION_CONDITIONS = "DEBUG $(inherited)";
				SWIFT_OPTIMIZATION_LEVEL = "-Onone";
			};
			name = Debug;
		};
		587A05072C7CE9CA00D32C10 /* Release */ = {
			isa = XCBuildConfiguration;
			buildSettings = {
				ALWAYS_SEARCH_USER_PATHS = NO;
				ASSETCATALOG_COMPILER_GENERATE_SWIFT_ASSET_SYMBOL_EXTENSIONS = YES;
				CLANG_ANALYZER_NONNULL = YES;
				CLANG_ANALYZER_NUMBER_OBJECT_CONVERSION = YES_AGGRESSIVE;
				CLANG_CXX_LANGUAGE_STANDARD = "gnu++20";
				CLANG_ENABLE_MODULES = YES;
				CLANG_ENABLE_OBJC_ARC = YES;
				CLANG_ENABLE_OBJC_WEAK = YES;
				CLANG_WARN_BLOCK_CAPTURE_AUTORELEASING = YES;
				CLANG_WARN_BOOL_CONVERSION = YES;
				CLANG_WARN_COMMA = YES;
				CLANG_WARN_CONSTANT_CONVERSION = YES;
				CLANG_WARN_DEPRECATED_OBJC_IMPLEMENTATIONS = YES;
				CLANG_WARN_DIRECT_OBJC_ISA_USAGE = YES_ERROR;
				CLANG_WARN_DOCUMENTATION_COMMENTS = YES;
				CLANG_WARN_EMPTY_BODY = YES;
				CLANG_WARN_ENUM_CONVERSION = YES;
				CLANG_WARN_INFINITE_RECURSION = YES;
				CLANG_WARN_INT_CONVERSION = YES;
				CLANG_WARN_NON_LITERAL_NULL_CONVERSION = YES;
				CLANG_WARN_OBJC_IMPLICIT_RETAIN_SELF = YES;
				CLANG_WARN_OBJC_LITERAL_CONVERSION = YES;
				CLANG_WARN_OBJC_ROOT_CLASS = YES_ERROR;
				CLANG_WARN_QUOTED_INCLUDE_IN_FRAMEWORK_HEADER = YES;
				CLANG_WARN_RANGE_LOOP_ANALYSIS = YES;
				CLANG_WARN_STRICT_PROTOTYPES = YES;
				CLANG_WARN_SUSPICIOUS_MOVE = YES;
				CLANG_WARN_UNGUARDED_AVAILABILITY = YES_AGGRESSIVE;
				CLANG_WARN_UNREACHABLE_CODE = YES;
				CLANG_WARN__DUPLICATE_METHOD_MATCH = YES;
				COPY_PHASE_STRIP = NO;
				DEBUG_INFORMATION_FORMAT = "dwarf-with-dsym";
				ENABLE_NS_ASSERTIONS = NO;
				ENABLE_STRICT_OBJC_MSGSEND = YES;
				ENABLE_USER_SCRIPT_SANDBOXING = YES;
				GCC_C_LANGUAGE_STANDARD = gnu17;
				GCC_NO_COMMON_BLOCKS = YES;
				GCC_WARN_64_TO_32_BIT_CONVERSION = YES;
				GCC_WARN_ABOUT_RETURN_TYPE = YES_ERROR;
				GCC_WARN_UNDECLARED_SELECTOR = YES;
				GCC_WARN_UNINITIALIZED_AUTOS = YES_AGGRESSIVE;
				GCC_WARN_UNUSED_FUNCTION = YES;
				GCC_WARN_UNUSED_VARIABLE = YES;
				LOCALIZATION_PREFERS_STRING_CATALOGS = YES;
				MACOSX_DEPLOYMENT_TARGET = 14.3;
				MTL_ENABLE_DEBUG_INFO = NO;
				MTL_FAST_MATH = YES;
				SDKROOT = macosx;
				SWIFT_COMPILATION_MODE = wholemodule;
			};
			name = Release;
		};
		587A05092C7CE9CA00D32C10 /* Debug */ = {
			isa = XCBuildConfiguration;
			buildSettings = {
				ASSETCATALOG_COMPILER_APPICON_NAME = AppIcon;
				ASSETCATALOG_COMPILER_GLOBAL_ACCENT_COLOR_NAME = AccentColor;
				CODE_SIGN_ENTITLEMENTS = JDSimWatch/JDSimWatch.entitlements;
				CODE_SIGN_STYLE = Automatic;
				COMBINE_HIDPI_IMAGES = YES;
				CURRENT_PROJECT_VERSION = 1;
				DEVELOPMENT_ASSET_PATHS = "\"JDSimWatch/Preview Content\"";
				DEVELOPMENT_TEAM = 2N277QXTNA;
				ENABLE_HARDENED_RUNTIME = YES;
				ENABLE_PREVIEWS = YES;
				GENERATE_INFOPLIST_FILE = YES;
				INFOPLIST_KEY_NSHumanReadableCopyright = "";
				LD_RUNPATH_SEARCH_PATHS = (
					"$(inherited)",
					"@executable_path/../Frameworks",
				);
				MARKETING_VERSION = 1.0;
				PRODUCT_BUNDLE_IDENTIFIER = Demirci.JDSimWatch;
				PRODUCT_NAME = "$(TARGET_NAME)";
				SWIFT_EMIT_LOC_STRINGS = YES;
				SWIFT_VERSION = 5.0;
			};
			name = Debug;
		};
		587A050A2C7CE9CA00D32C10 /* Release */ = {
			isa = XCBuildConfiguration;
			buildSettings = {
				ASSETCATALOG_COMPILER_APPICON_NAME = AppIcon;
				ASSETCATALOG_COMPILER_GLOBAL_ACCENT_COLOR_NAME = AccentColor;
				CODE_SIGN_ENTITLEMENTS = JDSimWatch/JDSimWatch.entitlements;
				CODE_SIGN_STYLE = Automatic;
				COMBINE_HIDPI_IMAGES = YES;
				CURRENT_PROJECT_VERSION = 1;
				DEVELOPMENT_ASSET_PATHS = "\"JDSimWatch/Preview Content\"";
				DEVELOPMENT_TEAM = 2N277QXTNA;
				ENABLE_HARDENED_RUNTIME = YES;
				ENABLE_PREVIEWS = YES;
				GENERATE_INFOPLIST_FILE = YES;
				INFOPLIST_KEY_NSHumanReadableCopyright = "";
				LD_RUNPATH_SEARCH_PATHS = (
					"$(inherited)",
					"@executable_path/../Frameworks",
				);
				MARKETING_VERSION = 1.0;
				PRODUCT_BUNDLE_IDENTIFIER = Demirci.JDSimWatch;
				PRODUCT_NAME = "$(TARGET_NAME)";
				SWIFT_EMIT_LOC_STRINGS = YES;
				SWIFT_VERSION = 5.0;
			};
			name = Release;
		};
/* End XCBuildConfiguration section */

/* Begin XCConfigurationList section */
		587A04F42C7CE9C900D32C10 /* Build configuration list for PBXProject "JDSimWatch" */ = {
			isa = XCConfigurationList;
			buildConfigurations = (
				587A05062C7CE9CA00D32C10 /* Debug */,
				587A05072C7CE9CA00D32C10 /* Release */,
			);
			defaultConfigurationIsVisible = 0;
			defaultConfigurationName = Release;
		};
		587A05082C7CE9CA00D32C10 /* Build configuration list for PBXNativeTarget "JDSimWatch" */ = {
			isa = XCConfigurationList;
			buildConfigurations = (
				587A05092C7CE9CA00D32C10 /* Debug */,
				587A050A2C7CE9CA00D32C10 /* Release */,
			);
			defaultConfigurationIsVisible = 0;
			defaultConfigurationName = Release;
		};
/* End XCConfigurationList section */
	};
	rootObject = 587A04F12C7CE9C900D32C10 /* Project object */;
}
